{
  "name": "cucumber_selenium",
  "version": "1.0.0",
  "lockfileVersion": 3,
  "requires": true,
  "packages": {
    "": {
      "name": "cucumber_selenium",
      "version": "1.0.0",
      "license": "ISC",
      "dependencies": {
        "define-lazy-prop": "^2.0.0",
        "find": "^0.3.0",
        "fs-extra": "^11.2.0",
        "graceful-fs": "^4.2.11",
        "is-docker": "^2.2.1",
        "is-wsl": "^2.2.0",
        "jsonfile": "^6.1.0",
        "lodash": "^4.17.21",
        "luxon": "^3.4.4",
        "open": "^8.4.2",
        "traverse-chain": "^0.1.0",
        "universalify": "^2.0.1",
        "uuid": "^9.0.1"
      },
      "devDependencies": {
        "multiple-cucumber-html-reporter": "^3.6.2"
      }
    },
    "node_modules/define-lazy-prop": {
      "version": "2.0.0",
      "license": "MIT",
      "engines": {
        "node": ">=8"
      }
    },
    "node_modules/find": {
      "version": "0.3.0",
      "license": "MIT",
      "dependencies": {
        "traverse-chain": "~0.1.0"
      }
    },
    "node_modules/fs-extra": {
      "version": "11.2.0",
      "license": "MIT",
      "dependencies": {
        "graceful-fs": "^4.2.0",
        "jsonfile": "^6.0.1",
        "universalify": "^2.0.0"
      },
      "engines": {
        "node": ">=14.14"
      }
    },
    "node_modules/graceful-fs": {
      "version": "4.2.11",
      "license": "ISC"
    },
    "node_modules/is-docker": {
      "version": "2.2.1",
      "license": "MIT",
      "bin": {
        "is-docker": "cli.js"
      },
      "engines": {
        "node": ">=8"
      },
      "funding": {
        "url": "https://github.com/sponsors/sindresorhus"
      }
    },
    "node_modules/is-wsl": {
      "version": "2.2.0",
      "license": "MIT",
      "dependencies": {
        "is-docker": "^2.0.0"
      },
      "engines": {
        "node": ">=8"
      }
    },
    "node_modules/jsonfile": {
      "version": "6.1.0",
      "license": "MIT",
      "dependencies": {
        "universalify": "^2.0.0"
      },
      "optionalDependencies": {
        "graceful-fs": "^4.1.6"
      }
    },
    "node_modules/lodash": {
      "version": "4.17.21",
      "license": "MIT"
    },
    "node_modules/luxon": {
      "version": "3.4.4",
      "license": "MIT",
      "engines": {
        "node": ">=12"
      }
    },
    "node_modules/multiple-cucumber-html-reporter": {
      "version": "3.6.2",
      "resolved": "https://registry.npmjs.org/multiple-cucumber-html-reporter/-/multiple-cucumber-html-reporter-3.6.2.tgz",
      "integrity": "sha512-Q0GUt9WXk1dkT1Dp1issCJMdnjXUFHnWGAL4OdiL9EaG9XjfjfaCguUJ1g39LXXXzklRInVqm9rDcOWYjWLyGA==",
      "dev": true,
      "dependencies": {
        "find": "^0.3.0",
        "fs-extra": "^11.2.0",
        "jsonfile": "^6.1.0",
        "lodash": "^4.17.21",
        "luxon": "^3.4.4",
        "open": "^8.4.2",
        "uuid": "^9.0.1"
      }
    },
    "node_modules/open": {
      "version": "8.4.2",
      "license": "MIT",
      "dependencies": {
        "define-lazy-prop": "^2.0.0",
        "is-docker": "^2.1.1",
        "is-wsl": "^2.2.0"
      },
      "engines": {
        "node": ">=12"
      },
      "funding": {
        "url": "https://github.com/sponsors/sindresorhus"
      }
    },
    "node_modules/traverse-chain": {
      "version": "0.1.0",
      "license": "MIT"
    },
    "node_modules/universalify": {
      "version": "2.0.1",
      "license": "MIT",
      "engines": {
        "node": ">= 10.0.0"
      }
    },
    "node_modules/uuid": {
      "version": "9.0.1",
      "funding": [
        "https://github.com/sponsors/broofa",
        "https://github.com/sponsors/ctavan"
      ],
      "license": "MIT",
      "bin": {
        "uuid": "dist/bin/uuid"
      }
    }
  }
}
